Microsoft Visual Studio Solution File, Format Version 12.00
# Visual Studio Version 17
VisualStudioVersion = 17.1.32228.430
MinimumVisualStudioVersion = 10.0.40219.1
Project("{9A19103F-16F7-4668-BE54-9A1E7A4F7556}") = "billpg.POP3Listener", "billpg.POP3Listener\billpg.POP3Listener.csproj", "{70217B4D-0C6B-4EB1-87BF-763347485FF8}"
EndProject
Project("{9A19103F-16F7-4668-BE54-9A1E7A4F7556}") = "billpg.POP3Listener.Tests", "billpg.POP3Listener.Tests\billpg.POP3Listener.Tests.csproj", "{E69A5F2E-9391-4FB8-A945-79ABD4DC5EED}"
EndProject
Project("{FAE04EC0-301F-11D3-BF4B-00C04F79EFBC}") = "billpg.POP3Listener.OpenPopTests", "billpg.POP3Listener.OpenPopTests\billpg.POP3Listener.OpenPopTests.csproj", "{4B5F9337-1CD6-4ECF-9340-6C5B7F08CF4A}"
EndProject
Project("{FAE04EC0-301F-11D3-BF4B-00C04F79EFBC}") = "Pop3ServiceForm", "POP3ServiceForm\Pop3ServiceForm.csproj", "{189B9CD9-AEAB-412D-ABEC-178506CF890F}"
EndProject
Project("{9A19103F-16F7-4668-BE54-9A1E7A4F7556}") = "PopAndCircumstance", "PopAndCircumstance\PopAndCircumstance.csproj", "{573274BD-4555-4B70-B5BB-8804AA5771A9}"
EndProject
Project("{9A19103F-16F7-4668-BE54-9A1E7A4F7556}") = "BuildYourOwnPop3Service", "BuildYourOwnPop3Service\BuildYourOwnPop3Service.csproj", "{45010041-CE00-47FE-B05D-F0180CB710E1}"
EndProject
Project("{FAE04EC0-301F-11D3-BF4B-00C04F79EFBC}") = "GenSelfSigned", "GenSelfSigned\GenSelfSigned.csproj", "{5FD1C9CB-9C50-414B-BF56-6C064234BAA5}"
EndProject
Global
	GlobalSection(SolutionConfigurationPlatforms) = preSolution
		Debug|Any CPU = Debug|Any CPU
		Release|Any CPU = Release|Any CPU
	EndGlobalSection
	GlobalSection(ProjectConfigurationPlatforms) = postSolution
		{70217B4D-0C6B-4EB1-87BF-763347485FF8}.Debug|Any CPU.ActiveCfg = Debug|Any CPU
		{70217B4D-0C6B-4EB1-87BF-763347485FF8}.Debug|Any CPU.Build.0 = Debug|Any CPU
		{70217B4D-0C6B-4EB1-87BF-763347485FF8}.Release|Any CPU.ActiveCfg = Release|Any CPU
		{70217B4D-0C6B-4EB1-87BF-763347485FF8}.Release|Any CPU.Build.0 = Release|Any CPU
		{E69A5F2E-9391-4FB8-A945-79ABD4DC5EED}.Debug|Any CPU.ActiveCfg = Debug|Any CPU
		{E69A5F2E-9391-4FB8-A945-79ABD4DC5EED}.Debug|Any CPU.Build.0 = Debug|Any CPU
		{E69A5F2E-9391-4FB8-A945-79ABD4DC5EED}.Release|Any CPU.ActiveCfg = Release|Any CPU
		{E69A5F2E-9391-4FB8-A945-79ABD4DC5EED}.Release|Any CPU.Build.0 = Release|Any CPU
		{4B5F9337-1CD6-4ECF-9340-6C5B7F08CF4A}.Debug|Any CPU.ActiveCfg = Debug|Any CPU
		{4B5F9337-1CD6-4ECF-9340-6C5B7F08CF4A}.Debug|Any CPU.Build.0 = Debug|Any CPU
		{4B5F9337-1CD6-4ECF-9340-6C5B7F08CF4A}.Release|Any CPU.ActiveCfg = Release|Any CPU
		{4B5F9337-1CD6-4ECF-9340-6C5B7F08CF4A}.Release|Any CPU.Build.0 = Release|Any CPU
		{189B9CD9-AEAB-412D-ABEC-178506CF890F}.Debug|Any CPU.ActiveCfg = Debug|Any CPU
		{189B9CD9-AEAB-412D-ABEC-178506CF890F}.Debug|Any CPU.Build.0 = Debug|Any CPU
		{189B9CD9-AEAB-412D-ABEC-178506CF890F}.Release|Any CPU.ActiveCfg = Release|Any CPU
		{189B9CD9-AEAB-412D-ABEC-178506CF890F}.Release|Any CPU.Build.0 = Release|Any CPU
		{573274BD-4555-4B70-B5BB-8804AA5771A9}.Debug|Any CPU.ActiveCfg = Debug|Any CPU
		{573274BD-4555-4B70-B5BB-8804AA5771A9}.Debug|Any CPU.Build.0 = Debug|Any CPU
		{573274BD-4555-4B70-B5BB-8804AA5771A9}.Release|Any CPU.ActiveCfg = Release|Any CPU
		{573274BD-4555-4B70-B5BB-8804AA5771A9}.Release|Any CPU.Build.0 = Release|Any CPU
		{45010041-CE00-47FE-B05D-F0180CB710E1}.Debug|Any CPU.ActiveCfg = Debug|Any CPU
		{45010041-CE00-47FE-B05D-F0180CB710E1}.Debug|Any CPU.Build.0 = Debug|Any CPU
		{45010041-CE00-47FE-B05D-F0180CB710E1}.Release|Any CPU.ActiveCfg = Release|Any CPU
		{45010041-CE00-47FE-B05D-F0180CB710E1}.Release|Any CPU.Build.0 = Release|Any CPU
		{5FD1C9CB-9C50-414B-BF56-6C064234BAA5}.Debug|Any CPU.ActiveCfg = Debug|Any CPU
		{5FD1C9CB-9C50-414B-BF56-6C064234BAA5}.Debug|Any CPU.Build.0 = Debug|Any CPU
		{5FD1C9CB-9C50-414B-BF56-6C064234BAA5}.Release|Any CPU.ActiveCfg = Release|Any CPU
		{5FD1C9CB-9C50-414B-BF56-6C064234BAA5}.Release|Any CPU.Build.0 = Release|Any CPU
	EndGlobalSection
	GlobalSection(SolutionProperties) = preSolution
		HideSolutionNode = FALSE
	EndGlobalSection
	GlobalSection(ExtensibilityGlobals) = postSolution
		SolutionGuid = {848F1D03-B1FE-4D75-90F2-624FE94DCF2B}
	EndGlobalSection
EndGlobal
